
Microsoft Visual Studio Solution File, Format Version 11.00
# Visual Studio 2010
Project("{F184B08F-C81C-45F6-A57F-5ABD9991F28F}") = "DaltonExpiry", "DaltonExpiry\DaltonExpiry.vbproj", "{8D89F20F-0EEE-47E4-84A7-FFFB56742972}"
EndProject
Global
	GlobalSection(SolutionConfigurationPlatforms) = preSolution
		Debug|x86 = Debug|x86
		Release|x86 = Release|x86
	EndGlobalSection
	GlobalSection(ProjectConfigurationPlatforms) = postSolution
		{8D89F20F-0EEE-47E4-84A7-FFFB56742972}.Debug|x86.ActiveCfg = Debug|x86
		{8D89F20F-0EEE-47E4-84A7-FFFB56742972}.Debug|x86.Build.0 = Debug|x86
		{8D89F20F-0EEE-47E4-84A7-FFFB56742972}.Release|x86.ActiveCfg = Release|x86
		{8D89F20F-0EEE-47E4-84A7-FFFB56742972}.Release|x86.Build.0 = Release|x86
	EndGlobalSection
	GlobalSection(SolutionProperties) = preSolution
		HideSolutionNode = FALSE
	EndGlobalSection
EndGlobal
